
Microsoft Visual Studio Solution File, Format Version 12.00
# Visual Studio Version 16
VisualStudioVersion = 16.0.30413.136
MinimumVisualStudioVersion = 10.0.40219.1
Project("{FAE04EC0-301F-11D3-BF4B-00C04F79EFBC}") = "FlecheCalcule", "FlecheCalcule\FlecheCalcule.csproj", "{385EEB6D-9335-471C-B236-E0F2D79317A5}"
EndProject
Global
	GlobalSection(SolutionConfigurationPlatforms) = preSolution
		Debug|Any CPU = Debug|Any CPU
		Release|Any CPU = Release|Any CPU
	EndGlobalSection
	GlobalSection(ProjectConfigurationPlatforms) = postSolution
		{385EEB6D-9335-471C-B236-E0F2D79317A5}.Debug|Any CPU.ActiveCfg = Debug|Any CPU
		{385EEB6D-9335-471C-B236-E0F2D79317A5}.Debug|Any CPU.Build.0 = Debug|Any CPU
		{385EEB6D-9335-471C-B236-E0F2D79317A5}.Release|Any CPU.ActiveCfg = Release|Any CPU
		{385EEB6D-9335-471C-B236-E0F2D79317A5}.Release|Any CPU.Build.0 = Release|Any CPU
	EndGlobalSection
	GlobalSection(SolutionProperties) = preSolution
		HideSolutionNode = FALSE
	EndGlobalSection
	GlobalSection(ExtensibilityGlobals) = postSolution
		SolutionGuid = {3622D17E-6BB3-40EF-9043-A75DCD5F9BE0}
	EndGlobalSection
EndGlobal
